// !$*UTF8*$!
{
	archiveVersion = 1;
	classes = {
	};
	objectVersion = 48;
	objects = {

/* Begin PBXBuildFile section */
		877673FA1FD1CA2700393A1B /* CyclingTableViewCell.swift in Sources */ = {isa = PBXBuildFile; fileRef = 877673F91FD1CA2700393A1B /* CyclingTableViewCell.swift */; };
		877673FC1FD1CB9F00393A1B /* CyclingTableViewController.swift in Sources */ = {isa = PBXBuildFile; fileRef = 877673FB1FD1CB9F00393A1B /* CyclingTableViewController.swift */; };
		877673FE1FD1CC1B00393A1B /* CyclingActivity.swift in Sources */ = {isa = PBXBuildFile; fileRef = 877673FD1FD1CC1B00393A1B /* CyclingActivity.swift */; };
		877674001FD1CD1200393A1B /* Randoms.swift in Sources */ = {isa = PBXBuildFile; fileRef = 877673FF1FD1CD1200393A1B /* Randoms.swift */; };
		877674021FD1E4CC00393A1B /* CyclingFavoriteCollectionViewCell.swift in Sources */ = {isa = PBXBuildFile; fileRef = 877674011FD1E4CC00393A1B /* CyclingFavoriteCollectionViewCell.swift */; };
		877674041FD1E5B200393A1B /* CyclingCollectionViewController.swift in Sources */ = {isa = PBXBuildFile; fileRef = 877674031FD1E5B200393A1B /* CyclingCollectionViewController.swift */; };
		87CABF951FD1C52700AD8782 /* UdicycleModel.swift in Sources */ = {isa = PBXBuildFile; fileRef = 87CABF941FD1C52700AD8782 /* UdicycleModel.swift */; };
		87CABF971FD1C5B400AD8782 /* Extensions.swift in Sources */ = {isa = PBXBuildFile; fileRef = 87CABF961FD1C5B400AD8782 /* Extensions.swift */; };
		87DB2C321FD1F46C006EBCA5 /* NewCyclingActivityViewController.swift in Sources */ = {isa = PBXBuildFile; fileRef = 87DB2C311FD1F46C006EBCA5 /* NewCyclingActivityViewController.swift */; };
		87E26BBA1FD1BE1000C03EC0 /* AppDelegate.swift in Sources */ = {isa = PBXBuildFile; fileRef = 87E26BB91FD1BE1000C03EC0 /* AppDelegate.swift */; };
		87E26BBF1FD1BE1000C03EC0 /* Main.storyboard in Resources */ = {isa = PBXBuildFile; fileRef = 87E26BBD1FD1BE1000C03EC0 /* Main.storyboard */; };
		87E26BC11FD1BE1000C03EC0 /* Assets.xcassets in Resources */ = {isa = PBXBuildFile; fileRef = 87E26BC01FD1BE1000C03EC0 /* Assets.xcassets */; };
		87E26BC41FD1BE1000C03EC0 /* LaunchScreen.storyboard in Resources */ = {isa = PBXBuildFile; fileRef = 87E26BC21FD1BE1000C03EC0 /* LaunchScreen.storyboard */; };
/* End PBXBuildFile section */

/* Begin PBXFileReference section */
		877673F91FD1CA2700393A1B /* CyclingTableViewCell.swift */ = {isa = PBXFileReference; lastKnownFileType = sourcecode.swift; path = CyclingTableViewCell.swift; sourceTree = "<group>"; };
		877673FB1FD1CB9F00393A1B /* CyclingTableViewController.swift */ = {isa = PBXFileReference; lastKnownFileType = sourcecode.swift; path = CyclingTableViewController.swift; sourceTree = "<group>"; };
		877673FD1FD1CC1B00393A1B /* CyclingActivity.swift */ = {isa = PBXFileReference; lastKnownFileType = sourcecode.swift; path = CyclingActivity.swift; sourceTree = "<group>"; };
		877673FF1FD1CD1200393A1B /* Randoms.swift */ = {isa = PBXFileReference; lastKnownFileType = sourcecode.swift; path = Randoms.swift; sourceTree = "<group>"; };
		877674011FD1E4CC00393A1B /* CyclingFavoriteCollectionViewCell.swift */ = {isa = PBXFileReference; lastKnownFileType = sourcecode.swift; path = CyclingFavoriteCollectionViewCell.swift; sourceTree = "<group>"; };
		877674031FD1E5B200393A1B /* CyclingCollectionViewController.swift */ = {isa = PBXFileReference; lastKnownFileType = sourcecode.swift; path = CyclingCollectionViewController.swift; sourceTree = "<group>"; };
		87CABF941FD1C52700AD8782 /* UdicycleModel.swift */ = {isa = PBXFileReference; lastKnownFileType = sourcecode.swift; path = UdicycleModel.swift; sourceTree = "<group>"; };
		87CABF961FD1C5B400AD8782 /* Extensions.swift */ = {isa = PBXFileReference; lastKnownFileType = sourcecode.swift; path = Extensions.swift; sourceTree = "<group>"; };
		87DB2C311FD1F46C006EBCA5 /* NewCyclingActivityViewController.swift */ = {isa = PBXFileReference; lastKnownFileType = sourcecode.swift; path = NewCyclingActivityViewController.swift; sourceTree = "<group>"; };
		87E26BB61FD1BE1000C03EC0 /* Udicycle.app */ = {isa = PBXFileReference; explicitFileType = wrapper.application; includeInIndex = 0; path = Udicycle.app; sourceTree = BUILT_PRODUCTS_DIR; };
		87E26BB91FD1BE1000C03EC0 /* AppDelegate.swift */ = {isa = PBXFileReference; lastKnownFileType = sourcecode.swift; path = AppDelegate.swift; sourceTree = "<group>"; };
		87E26BBE1FD1BE1000C03EC0 /* Base */ = {isa = PBXFileReference; lastKnownFileType = file.storyboard; name = Base; path = Base.lproj/Main.storyboard; sourceTree = "<group>"; };
		87E26BC01FD1BE1000C03EC0 /* Assets.xcassets */ = {isa = PBXFileReference; lastKnownFileType = folder.assetcatalog; path = Assets.xcassets; sourceTree = "<group>"; };
		87E26BC31FD1BE1000C03EC0 /* Base */ = {isa = PBXFileReference; lastKnownFileType = file.storyboard; name = Base; path = Base.lproj/LaunchScreen.storyboard; sourceTree = "<group>"; };
		87E26BC51FD1BE1000C03EC0 /* Info.plist */ = {isa = PBXFileReference; lastKnownFileType = text.plist.xml; path = Info.plist; sourceTree = "<group>"; };
/* End PBXFileReference section */

/* Begin PBXFrameworksBuildPhase section */
		87E26BB31FD1BE1000C03EC0 /* Frameworks */ = {
			isa = PBXFrameworksBuildPhase;
			buildActionMask = 2147483647;
			files = (
			);
			runOnlyForDeploymentPostprocessing = 0;
		};
/* End PBXFrameworksBuildPhase section */

/* Begin PBXGroup section */
		87CABF901FD1BFF000AD8782 /* Supporting Files */ = {
			isa = PBXGroup;
			children = (
				87E26BB91FD1BE1000C03EC0 /* AppDelegate.swift */,
				87E26BC01FD1BE1000C03EC0 /* Assets.xcassets */,
				87E26BC21FD1BE1000C03EC0 /* LaunchScreen.storyboard */,
				87E26BC51FD1BE1000C03EC0 /* Info.plist */,
			);
			name = "Supporting Files";
			sourceTree = "<group>";
		};
		87CABF911FD1C48700AD8782 /* Model */ = {
			isa = PBXGroup;
			children = (
				87CABF941FD1C52700AD8782 /* UdicycleModel.swift */,
				877673FD1FD1CC1B00393A1B /* CyclingActivity.swift */,
				877673FF1FD1CD1200393A1B /* Randoms.swift */,
			);
			path = Model;
			sourceTree = "<group>";
		};
		87CABF921FD1C49900AD8782 /* View */ = {
			isa = PBXGroup;
			children = (
				87E26BBD1FD1BE1000C03EC0 /* Main.storyboard */,
				87CABF961FD1C5B400AD8782 /* Extensions.swift */,
				877673F91FD1CA2700393A1B /* CyclingTableViewCell.swift */,
				877674011FD1E4CC00393A1B /* CyclingFavoriteCollectionViewCell.swift */,
			);
			path = View;
			sourceTree = "<group>";
		};
		87CABF931FD1C4A200AD8782 /* Controller */ = {
			isa = PBXGroup;
			children = (
				877673FB1FD1CB9F00393A1B /* CyclingTableViewController.swift */,
				877674031FD1E5B200393A1B /* CyclingCollectionViewController.swift */,
				87DB2C311FD1F46C006EBCA5 /* NewCyclingActivityViewController.swift */,
			);
			path = Controller;
			sourceTree = "<group>";
		};
		87E26BAD1FD1BE1000C03EC0 = {
			isa = PBXGroup;
			children = (
				87E26BB81FD1BE1000C03EC0 /* Udicycle */,
				87E26BB71FD1BE1000C03EC0 /* Products */,
			);
			sourceTree = "<group>";
		};
		87E26BB71FD1BE1000C03EC0 /* Products */ = {
			isa = PBXGroup;
			children = (
				87E26BB61FD1BE1000C03EC0 /* Udicycle.app */,
			);
			name = Products;
			sourceTree = "<group>";
		};
		87E26BB81FD1BE1000C03EC0 /* Udicycle */ = {
			isa = PBXGroup;
			children = (
				87CABF911FD1C48700AD8782 /* Model */,
				87CABF931FD1C4A200AD8782 /* Controller */,
				87CABF921FD1C49900AD8782 /* View */,
				87CABF901FD1BFF000AD8782 /* Supporting Files */,
			);
			path = Udicycle;
			sourceTree = "<group>";
		};
/* End PBXGroup section */

/* Begin PBXNativeTarget section */
		87E26BB51FD1BE1000C03EC0 /* Udicycle */ = {
			isa = PBXNativeTarget;
			buildConfigurationList = 87E26BC81FD1BE1000C03EC0 /* Build configuration list for PBXNativeTarget "Udicycle" */;
			buildPhases = (
				87E26BB21FD1BE1000C03EC0 /* Sources */,
				87E26BB31FD1BE1000C03EC0 /* Frameworks */,
				87E26BB41FD1BE1000C03EC0 /* Resources */,
			);
			buildRules = (
			);
			dependencies = (
			);
			name = Udicycle;
			productName = Udicycle;
			productReference = 87E26BB61FD1BE1000C03EC0 /* Udicycle.app */;
			productType = "com.apple.product-type.application";
		};
/* End PBXNativeTarget section */

/* Begin PBXProject section */
		87E26BAE1FD1BE1000C03EC0 /* Project object */ = {
			isa = PBXProject;
			attributes = {
				LastSwiftUpdateCheck = 0910;
				LastUpgradeCheck = 0910;
				ORGANIZATIONNAME = "Elifazio Bernardes da Silva";
				TargetAttributes = {
					87E26BB51FD1BE1000C03EC0 = {
						CreatedOnToolsVersion = 9.1;
						ProvisioningStyle = Automatic;
					};
				};
			};
			buildConfigurationList = 87E26BB11FD1BE1000C03EC0 /* Build configuration list for PBXProject "Udicycle" */;
			compatibilityVersion = "Xcode 8.0";
			developmentRegion = en;
			hasScannedForEncodings = 0;
			knownRegions = (
				en,
				Base,
			);
			mainGroup = 87E26BAD1FD1BE1000C03EC0;
			productRefGroup = 87E26BB71FD1BE1000C03EC0 /* Products */;
			projectDirPath = "";
			projectRoot = "";
			targets = (
				87E26BB51FD1BE1000C03EC0 /* Udicycle */,
			);
		};
/* End PBXProject section */

/* Begin PBXResourcesBuildPhase section */
		87E26BB41FD1BE1000C03EC0 /* Resources */ = {
			isa = PBXResourcesBuildPhase;
			buildActionMask = 2147483647;
			files = (
				87E26BC41FD1BE1000C03EC0 /* LaunchScreen.storyboard in Resources */,
				87E26BC11FD1BE1000C03EC0 /* Assets.xcassets in Resources */,
				87E26BBF1FD1BE1000C03EC0 /* Main.storyboard in Resources */,
			);
			runOnlyForDeploymentPostprocessing = 0;
		};
/* End PBXResourcesBuildPhase section */

/* Begin PBXSourcesBuildPhase section */
		87E26BB21FD1BE1000C03EC0 /* Sources */ = {
			isa = PBXSourcesBuildPhase;
			buildActionMask = 2147483647;
			files = (
				877673FC1FD1CB9F00393A1B /* CyclingTableViewController.swift in Sources */,
				87E26BBA1FD1BE1000C03EC0 /* AppDelegate.swift in Sources */,
				87DB2C321FD1F46C006EBCA5 /* NewCyclingActivityViewController.swift in Sources */,
				877674041FD1E5B200393A1B /* CyclingCollectionViewController.swift in Sources */,
				877674021FD1E4CC00393A1B /* CyclingFavoriteCollectionViewCell.swift in Sources */,
				87CABF971FD1C5B400AD8782 /* Extensions.swift in Sources */,
				877674001FD1CD1200393A1B /* Randoms.swift in Sources */,
				877673FA1FD1CA2700393A1B /* CyclingTableViewCell.swift in Sources */,
				877673FE1FD1CC1B00393A1B /* CyclingActivity.swift in Sources */,
				87CABF951FD1C52700AD8782 /* UdicycleModel.swift in Sources */,
			);
			runOnlyForDeploymentPostprocessing = 0;
		};
/* End PBXSourcesBuildPhase section */

/* Begin PBXVariantGroup section */
		87E26BBD1FD1BE1000C03EC0 /* Main.storyboard */ = {
			isa = PBXVariantGroup;
			children = (
				87E26BBE1FD1BE1000C03EC0 /* Base */,
			);
			name = Main.storyboard;
			sourceTree = "<group>";
		};
		87E26BC21FD1BE1000C03EC0 /* LaunchScreen.storyboard */ = {
			isa = PBXVariantGroup;
			children = (
				87E26BC31FD1BE1000C03EC0 /* Base */,
			);
			name = LaunchScreen.storyboard;
			sourceTree = "<group>";
		};
/* End PBXVariantGroup section */

/* Begin XCBuildConfiguration section */
		87E26BC61FD1BE1000C03EC0 /* Debug */ = {
			isa = XCBuildConfiguration;
			buildSettings = {
				ALWAYS_SEARCH_USER_PATHS = NO;
				CLANG_ANALYZER_NONNULL = YES;
				CLANG_ANALYZER_NUMBER_OBJECT_CONVERSION = YES_AGGRESSIVE;
				CLANG_CXX_LANGUAGE_STANDARD = "gnu++14";
				CLANG_CXX_LIBRARY = "libc++";
				CLANG_ENABLE_MODULES = YES;
				CLANG_ENABLE_OBJC_ARC = YES;
				CLANG_WARN_BLOCK_CAPTURE_AUTORELEASING = YES;
				CLANG_WARN_BOOL_CONVERSION = YES;
				CLANG_WARN_COMMA = YES;
				CLANG_WARN_CONSTANT_CONVERSION = YES;
				CLANG_WARN_DIRECT_OBJC_ISA_USAGE = YES_ERROR;
				CLANG_WARN_DOCUMENTATION_COMMENTS = YES;
				CLANG_WARN_EMPTY_BODY = YES;
				CLANG_WARN_ENUM_CONVERSION = YES;
				CLANG_WARN_INFINITE_RECURSION = YES;
				CLANG_WARN_INT_CONVERSION = YES;
				CLANG_WARN_NON_LITERAL_NULL_CONVERSION = YES;
				CLANG_WARN_OBJC_LITERAL_CONVERSION = YES;
				CLANG_WARN_OBJC_ROOT_CLASS = YES_ERROR;
				CLANG_WARN_RANGE_LOOP_ANALYSIS = YES;
				CLANG_WARN_STRICT_PROTOTYPES = YES;
				CLANG_WARN_SUSPICIOUS_MOVE = YES;
				CLANG_WARN_UNGUARDED_AVAILABILITY = YES_AGGRESSIVE;
				CLANG_WARN_UNREACHABLE_CODE = YES;
				CLANG_WARN__DUPLICATE_METHOD_MATCH = YES;
				CODE_SIGN_IDENTITY = "iPhone Developer";
				COPY_PHASE_STRIP = NO;
				DEBUG_INFORMATION_FORMAT = dwarf;
				ENABLE_STRICT_OBJC_MSGSEND = YES;
				ENABLE_TESTABILITY = YES;
				GCC_C_LANGUAGE_STANDARD = gnu11;
				GCC_DYNAMIC_NO_PIC = NO;
				GCC_NO_COMMON_BLOCKS = YES;
				GCC_OPTIMIZATION_LEVEL = 0;
				GCC_PREPROCESSOR_DEFINITIONS = (
					"DEBUG=1",
					"$(inherited)",
				);
				GCC_WARN_64_TO_32_BIT_CONVERSION = YES;
				GCC_WARN_ABOUT_RETURN_TYPE = YES_ERROR;
				GCC_WARN_UNDECLARED_SELECTOR = YES;
				GCC_WARN_UNINITIALIZED_AUTOS = YES_AGGRESSIVE;
				GCC_WARN_UNUSED_FUNCTION = YES;
				GCC_WARN_UNUSED_VARIABLE = YES;
				IPHONEOS_DEPLOYMENT_TARGET = 11.1;
				MTL_ENABLE_DEBUG_INFO = YES;
				ONLY_ACTIVE_ARCH = YES;
				SDKROOT = iphoneos;
				SWIFT_ACTIVE_COMPILATION_CONDITIONS = DEBUG;
				SWIFT_OPTIMIZATION_LEVEL = "-Onone";
			};
			name = Debug;
		};
		87E26BC71FD1BE1000C03EC0 /* Release */ = {
			isa = XCBuildConfiguration;
			buildSettings = {
				ALWAYS_SEARCH_USER_PATHS = NO;
				CLANG_ANALYZER_NONNULL = YES;
				CLANG_ANALYZER_NUMBER_OBJECT_CONVERSION = YES_AGGRESSIVE;
				CLANG_CXX_LANGUAGE_STANDARD = "gnu++14";
				CLANG_CXX_LIBRARY = "libc++";
				CLANG_ENABLE_MODULES = YES;
				CLANG_ENABLE_OBJC_ARC = YES;
				CLANG_WARN_BLOCK_CAPTURE_AUTORELEASING = YES;
				CLANG_WARN_BOOL_CONVERSION = YES;
				CLANG_WARN_COMMA = YES;
				CLANG_WARN_CONSTANT_CONVERSION = YES;
				CLANG_WARN_DIRECT_OBJC_ISA_USAGE = YES_ERROR;
				CLANG_WARN_DOCUMENTATION_COMMENTS = YES;
				CLANG_WARN_EMPTY_BODY = YES;
				CLANG_WARN_ENUM_CONVERSION = YES;
				CLANG_WARN_INFINITE_RECURSION = YES;
				CLANG_WARN_INT_CONVERSION = YES;
				CLANG_WARN_NON_LITERAL_NULL_CONVERSION = YES;
				CLANG_WARN_OBJC_LITERAL_CONVERSION = YES;
				CLANG_WARN_OBJC_ROOT_CLASS = YES_ERROR;
				CLANG_WARN_RANGE_LOOP_ANALYSIS = YES;
				CLANG_WARN_STRICT_PROTOTYPES = YES;
				CLANG_WARN_SUSPICIOUS_MOVE = YES;
				CLANG_WARN_UNGUARDED_AVAILABILITY = YES_AGGRESSIVE;
				CLANG_WARN_UNREACHABLE_CODE = YES;
				CLANG_WARN__DUPLICATE_METHOD_MATCH = YES;
				CODE_SIGN_IDENTITY = "iPhone Developer";
				COPY_PHASE_STRIP = NO;
				DEBUG_INFORMATION_FORMAT = "dwarf-with-dsym";
				ENABLE_NS_ASSERTIONS = NO;
				ENABLE_STRICT_OBJC_MSGSEND = YES;
				GCC_C_LANGUAGE_STANDARD = gnu11;
				GCC_NO_COMMON_BLOCKS = YES;
				GCC_WARN_64_TO_32_BIT_CONVERSION = YES;
				GCC_WARN_ABOUT_RETURN_TYPE = YES_ERROR;
				GCC_WARN_UNDECLARED_SELECTOR = YES;
				GCC_WARN_UNINITIALIZED_AUTOS = YES_AGGRESSIVE;
				GCC_WARN_UNUSED_FUNCTION = YES;
				GCC_WARN_UNUSED_VARIABLE = YES;
				IPHONEOS_DEPLOYMENT_TARGET = 11.1;
				MTL_ENABLE_DEBUG_INFO = NO;
				SDKROOT = iphoneos;
				SWIFT_OPTIMIZATION_LEVEL = "-Owholemodule";
				VALIDATE_PRODUCT = YES;
			};
			name = Release;
		};
		87E26BC91FD1BE1000C03EC0 /* Debug */ = {
			isa = XCBuildConfiguration;
			buildSettings = {
				ASSETCATALOG_COMPILER_APPICON_NAME = AppIcon;
				CODE_SIGN_STYLE = Automatic;
				INFOPLIST_FILE = Udicycle/Info.plist;
				LD_RUNPATH_SEARCH_PATHS = "$(inherited) @executable_path/Frameworks";
				PRODUCT_BUNDLE_IDENTIFIER = br.com.elifazio.Udicycle;
				PRODUCT_NAME = "$(TARGET_NAME)";
				SWIFT_VERSION = 4.0;
				TARGETED_DEVICE_FAMILY = "1,2";
			};
			name = Debug;
		};
		87E26BCA1FD1BE1000C03EC0 /* Release */ = {
			isa = XCBuildConfiguration;
			buildSettings = {
				ASSETCATALOG_COMPILER_APPICON_NAME = AppIcon;
				CODE_SIGN_STYLE = Automatic;
				INFOPLIST_FILE = Udicycle/Info.plist;
				LD_RUNPATH_SEARCH_PATHS = "$(inherited) @executable_path/Frameworks";
				PRODUCT_BUNDLE_IDENTIFIER = br.com.elifazio.Udicycle;
				PRODUCT_NAME = "$(TARGET_NAME)";
				SWIFT_VERSION = 4.0;
				TARGETED_DEVICE_FAMILY = "1,2";
			};
			name = Release;
		};
/* End XCBuildConfiguration section */

/* Begin XCConfigurationList section */
		87E26BB11FD1BE1000C03EC0 /* Build configuration list for PBXProject "Udicycle" */ = {
			isa = XCConfigurationList;
			buildConfigurations = (
				87E26BC61FD1BE1000C03EC0 /* Debug */,
				87E26BC71FD1BE1000C03EC0 /* Release */,
			);
			defaultConfigurationIsVisible = 0;
			defaultConfigurationName = Release;
		};
		87E26BC81FD1BE1000C03EC0 /* Build configuration list for PBXNativeTarget "Udicycle" */ = {
			isa = XCConfigurationList;
			buildConfigurations = (
				87E26BC91FD1BE1000C03EC0 /* Debug */,
				87E26BCA1FD1BE1000C03EC0 /* Release */,
			);
			defaultConfigurationIsVisible = 0;
			defaultConfigurationName = Release;
		};
/* End XCConfigurationList section */
	};
	rootObject = 87E26BAE1FD1BE1000C03EC0 /* Project object */;
}
